
Microsoft Visual Studio Solution File, Format Version 12.00
# Visual Studio Version 17
VisualStudioVersion = 17.7.34024.191
MinimumVisualStudioVersion = 10.0.40219.1
Project("{FAE04EC0-301F-11D3-BF4B-00C04F79EFBC}") = "AutoParts", "AutoParts\AutoParts.csproj", "{0726D503-3252-40D5-8053-8965910CDC8F}"
EndProject
Global
	GlobalSection(SolutionConfigurationPlatforms) = preSolution
		Debug|Any CPU = Debug|Any CPU
		Release|Any CPU = Release|Any CPU
	EndGlobalSection
	GlobalSection(ProjectConfigurationPlatforms) = postSolution
		{0726D503-3252-40D5-8053-8965910CDC8F}.Debug|Any CPU.ActiveCfg = Debug|Any CPU
		{0726D503-3252-40D5-8053-8965910CDC8F}.Debug|Any CPU.Build.0 = Debug|Any CPU
		{0726D503-3252-40D5-8053-8965910CDC8F}.Release|Any CPU.ActiveCfg = Release|Any CPU
		{0726D503-3252-40D5-8053-8965910CDC8F}.Release|Any CPU.Build.0 = Release|Any CPU
	EndGlobalSection
	GlobalSection(SolutionProperties) = preSolution
		HideSolutionNode = FALSE
	EndGlobalSection
	GlobalSection(ExtensibilityGlobals) = postSolution
		SolutionGuid = {D2749BE6-D74D-4D67-99CC-61CC97F28093}
	EndGlobalSection
EndGlobal
